{
  "name": "@punksnotdev/monitor",
  "version": "0.0.1",
  "lockfileVersion": 1,
  "requires": true,
  "dependencies": {
    "socket-ntp": {
      "version": "0.1.0",
      "resolved": "https://registry.npmjs.org/socket-ntp/-/socket-ntp-0.1.0.tgz",
      "integrity": "sha1-2CarWEQqZHdmqVrDiaY2ah4BLmc="
    }
  }
}
